{
  "version": "5",
  "specifiers": {
    "npm:create-hono@latest": "0.19.2",
    "npm:prettier@^3.6.2": "3.6.2",
    "npm:turbo@^2.5.6": "2.5.6",
    "npm:typescript@5.9.2": "5.9.2"
  },
  "npm": {
    "create-hono@0.19.2": {
      "integrity": "sha512-Bl5mqiZaWwwNOUjLBwQtVzj066DtB6g0FrWK++C5uSM1OPZ3t//9W29xPQznyVe4p6ijY3osDeiOG4Cxlc+zGQ==",
      "bin": true
    },
    "prettier@3.6.2": {
      "integrity": "sha512-I7AIg5boAr5R0FFtJ6rCfD+LFsWHp81dolrFD8S79U9tb8Az2nGrJncnMSnys+bpQJfRUzqs9hnA81OAA3hCuQ==",
      "bin": true
    },
    "turbo-darwin-64@2.5.6": {
      "integrity": "sha512-3C1xEdo4aFwMJAPvtlPqz1Sw/+cddWIOmsalHFMrsqqydcptwBfu26WW2cDm3u93bUzMbBJ8k3zNKFqxJ9ei2A==",
      "os": ["darwin"],
      "cpu": ["x64"]
    },
    "turbo-darwin-arm64@2.5.6": {
      "integrity": "sha512-LyiG+rD7JhMfYwLqB6k3LZQtYn8CQQUePbpA8mF/hMLPAekXdJo1g0bUPw8RZLwQXUIU/3BU7tXENvhSGz5DPA==",
      "os": ["darwin"],
      "cpu": ["arm64"]
    },
    "turbo-linux-64@2.5.6": {
      "integrity": "sha512-GOcUTT0xiT/pSnHL4YD6Yr3HreUhU8pUcGqcI2ksIF9b2/r/kRHwGFcsHgpG3+vtZF/kwsP0MV8FTlTObxsYIA==",
      "os": ["linux"],
      "cpu": ["x64"]
    },
    "turbo-linux-arm64@2.5.6": {
      "integrity": "sha512-10Tm15bruJEA3m0V7iZcnQBpObGBcOgUcO+sY7/2vk1bweW34LMhkWi8svjV9iDF68+KJDThnYDlYE/bc7/zzQ==",
      "os": ["linux"],
      "cpu": ["arm64"]
    },
    "turbo-windows-64@2.5.6": {
      "integrity": "sha512-FyRsVpgaj76It0ludwZsNN40ytHN+17E4PFJyeliBEbxrGTc5BexlXVpufB7XlAaoaZVxbS6KT8RofLfDRyEPg==",
      "os": ["win32"],
      "cpu": ["x64"]
    },
    "turbo-windows-arm64@2.5.6": {
      "integrity": "sha512-j/tWu8cMeQ7HPpKri6jvKtyXg9K1gRyhdK4tKrrchH8GNHscPX/F71zax58yYtLRWTiK04zNzPcUJuoS0+v/+Q==",
      "os": ["win32"],
      "cpu": ["arm64"]
    },
    "turbo@2.5.6": {
      "integrity": "sha512-gxToHmi9oTBNB05UjUsrWf0OyN5ZXtD0apOarC1KIx232Vp3WimRNy3810QzeNSgyD5rsaIDXlxlbnOzlouo+w==",
      "optionalDependencies": [
        "turbo-darwin-64",
        "turbo-darwin-arm64",
        "turbo-linux-64",
        "turbo-linux-arm64",
        "turbo-windows-64",
        "turbo-windows-arm64"
      ],
      "bin": true
    },
    "typescript@5.9.2": {
      "integrity": "sha512-CWBzXQrc/qOkhidw1OzBTQuYRbfyxDXJMVJ1XNwUHGROVmuaeiEm3OslpZ1RV96d7SKKjZKrSJu3+t/xlw3R9A==",
      "bin": true
    }
  },
  "workspace": {
    "packageJson": {
      "dependencies": [
        "npm:prettier@^3.6.2",
        "npm:turbo@^2.5.6",
        "npm:typescript@5.9.2"
      ]
    }
  }
}
